Microsoft Visual Studio Solution File, Format Version 12.00
# Visual Studio 15
VisualStudioVersion = 15.0.27004.2005
MinimumVisualStudioVersion = 10.0.40219.1
Project("{8BC9CEB8-8B4A-11D0-8D11-00A0C91BC942}") = "glviewer", "glviewer.vcxproj", "{ED0749DD-F9C4-405A-A198-EB8F576815AD}"
EndProject
Project("{2150E333-8FDC-42A3-9474-1A3956D46DE8}") = "common", "common", "{6EC60260-9A9D-4BA7-A4A5-EC0BE5485D9D}"
	ProjectSection(SolutionItems) = preProject
		..\..\shared\inc\rx_bitmap.h = ..\..\shared\inc\rx_bitmap.h
		..\..\shared\inc\rx_filelist.h = ..\..\shared\inc\rx_filelist.h
		..\..\shared\inc\rx_utils.h = ..\..\shared\inc\rx_utils.h
	EndProjectSection
EndProject
Project("{8BC9CEB8-8B4A-11D0-8D11-00A0C91BC942}") = "glpoints", "glpoints.vcxproj", "{BF44C05B-E474-4499-A533-14B0B04B82A0}"
EndProject
Global
	GlobalSection(SolutionConfigurationPlatforms) = preSolution
		Debug|x64 = Debug|x64
		Debug|x86 = Debug|x86
		Release|x64 = Release|x64
		Release|x86 = Release|x86
	EndGlobalSection
	GlobalSection(ProjectConfigurationPlatforms) = postSolution
		{ED0749DD-F9C4-405A-A198-EB8F576815AD}.Debug|x64.ActiveCfg = Debug|x64
		{ED0749DD-F9C4-405A-A198-EB8F576815AD}.Debug|x64.Build.0 = Debug|x64
		{ED0749DD-F9C4-405A-A198-EB8F576815AD}.Debug|x86.ActiveCfg = Debug|Win32
		{ED0749DD-F9C4-405A-A198-EB8F576815AD}.Debug|x86.Build.0 = Debug|Win32
		{ED0749DD-F9C4-405A-A198-EB8F576815AD}.Release|x64.ActiveCfg = Release|x64
		{ED0749DD-F9C4-405A-A198-EB8F576815AD}.Release|x64.Build.0 = Release|x64
		{ED0749DD-F9C4-405A-A198-EB8F576815AD}.Release|x86.ActiveCfg = Release|Win32
		{ED0749DD-F9C4-405A-A198-EB8F576815AD}.Release|x86.Build.0 = Release|Win32
		{BF44C05B-E474-4499-A533-14B0B04B82A0}.Debug|x64.ActiveCfg = Debug|x64
		{BF44C05B-E474-4499-A533-14B0B04B82A0}.Debug|x64.Build.0 = Debug|x64
		{BF44C05B-E474-4499-A533-14B0B04B82A0}.Debug|x86.ActiveCfg = Debug|Win32
		{BF44C05B-E474-4499-A533-14B0B04B82A0}.Debug|x86.Build.0 = Debug|Win32
		{BF44C05B-E474-4499-A533-14B0B04B82A0}.Release|x64.ActiveCfg = Release|x64
		{BF44C05B-E474-4499-A533-14B0B04B82A0}.Release|x64.Build.0 = Release|x64
		{BF44C05B-E474-4499-A533-14B0B04B82A0}.Release|x86.ActiveCfg = Release|Win32
		{BF44C05B-E474-4499-A533-14B0B04B82A0}.Release|x86.Build.0 = Release|Win32
	EndGlobalSection
	GlobalSection(SolutionProperties) = preSolution
		HideSolutionNode = FALSE
	EndGlobalSection
	GlobalSection(ExtensibilityGlobals) = postSolution
		SolutionGuid = {2B4EDE9B-A272-4CBF-A593-E229004FD8DA}
	EndGlobalSection
	GlobalSection(SubversionScc) = preSolution
		Svn-Managed = True
		Manager = AnkhSVN - Subversion Support for Visual Studio
	EndGlobalSection
EndGlobal
